
Microsoft Visual Studio Solution File, Format Version 12.00
# Visual Studio Version 16
VisualStudioVersion = 16.0.29920.165
MinimumVisualStudioVersion = 10.0.40219.1
Project("{9A19103F-16F7-4668-BE54-9A1E7A4F7556}") = "AAServer.MVC", "AAServer.MVC\AAServer.MVC.csproj", "{434C8479-5137-43E6-982C-37B59A4A8BAD}"
	ProjectSection(ProjectDependencies) = postProject
		{9615A0ED-3F6C-4377-B28F-BC0BEE369BBF} = {9615A0ED-3F6C-4377-B28F-BC0BEE369BBF}
	EndProjectSection
EndProject
Project("{2150E333-8FDC-42A3-9474-1A3956D46DE8}") = "0 - Presentation", "0 - Presentation", "{AD7B7420-310E-4F91-BE15-F6FE19796E8F}"
EndProject
Project("{2150E333-8FDC-42A3-9474-1A3956D46DE8}") = "1 - Services", "1 - Services", "{A32E4D23-2992-4322-B112-C1682C6B0179}"
EndProject
Project("{2150E333-8FDC-42A3-9474-1A3956D46DE8}") = "2 - Application", "2 - Application", "{5D36A326-F382-49BE-9A67-048678656C6F}"
EndProject
Project("{2150E333-8FDC-42A3-9474-1A3956D46DE8}") = "3 - Domain", "3 - Domain", "{DC299B44-4113-4994-9197-F45DD5AC68B7}"
EndProject
Project("{2150E333-8FDC-42A3-9474-1A3956D46DE8}") = "4 - Infra", "4 - Infra", "{36A3AD53-EDAC-4C50-84C3-BFB68E3EB36F}"
EndProject
Project("{2150E333-8FDC-42A3-9474-1A3956D46DE8}") = "Data", "Data", "{01F013C3-2361-49FA-86C3-36E134E08163}"
EndProject
Project("{9A19103F-16F7-4668-BE54-9A1E7A4F7556}") = "AAServer.Infra.Data", "AAServer.Infra.Data\AAServer.Infra.Data.csproj", "{1466CA02-7F81-457D-A840-88233DD9400C}"
EndProject
Project("{9A19103F-16F7-4668-BE54-9A1E7A4F7556}") = "AAServer.Domain", "AAServer.Domain\AAServer.Domain.csproj", "{9615A0ED-3F6C-4377-B28F-BC0BEE369BBF}"
EndProject
Project("{9A19103F-16F7-4668-BE54-9A1E7A4F7556}") = "AAServer.Application", "AAServer.Application\AAServer.Application.csproj", "{D1A6C2EF-0D4C-485E-B807-813EF883718C}"
EndProject
Project("{9A19103F-16F7-4668-BE54-9A1E7A4F7556}") = "AAServer.Service", "AAServer.Service\AAServer.Service.csproj", "{CD490B4A-B308-4458-960C-AAD8A19C6887}"
EndProject
Project("{2150E333-8FDC-42A3-9474-1A3956D46DE8}") = "5 - Cross Cutting", "5 - Cross Cutting", "{4095302C-330C-45D0-98B7-CB5DF4C7A7EA}"
EndProject
Project("{9A19103F-16F7-4668-BE54-9A1E7A4F7556}") = "AAServer.CrossCutting", "AAServer.CrossCutting\AAServer.CrossCutting.csproj", "{46AEB41E-B8C7-4430-AF17-792123AEE72E}"
EndProject
Project("{2150E333-8FDC-42A3-9474-1A3956D46DE8}") = "0 - Presentation React", "0 - Presentation React", "{B1E55F68-BE35-4489-A28D-24C39BDB1C6B}"
EndProject
Project("{9A19103F-16F7-4668-BE54-9A1E7A4F7556}") = "AAServer.React", "AAServer.React\AAServer.React.csproj", "{0F8595A3-3757-42F3-9DF0-1F66AEDC14CF}"
EndProject
Global
	GlobalSection(SolutionConfigurationPlatforms) = preSolution
		Debug|Any CPU = Debug|Any CPU
		Release|Any CPU = Release|Any CPU
	EndGlobalSection
	GlobalSection(ProjectConfigurationPlatforms) = postSolution
		{434C8479-5137-43E6-982C-37B59A4A8BAD}.Debug|Any CPU.ActiveCfg = Debug|Any CPU
		{434C8479-5137-43E6-982C-37B59A4A8BAD}.Debug|Any CPU.Build.0 = Debug|Any CPU
		{434C8479-5137-43E6-982C-37B59A4A8BAD}.Release|Any CPU.ActiveCfg = Release|Any CPU
		{434C8479-5137-43E6-982C-37B59A4A8BAD}.Release|Any CPU.Build.0 = Release|Any CPU
		{1466CA02-7F81-457D-A840-88233DD9400C}.Debug|Any CPU.ActiveCfg = Debug|Any CPU
		{1466CA02-7F81-457D-A840-88233DD9400C}.Debug|Any CPU.Build.0 = Debug|Any CPU
		{1466CA02-7F81-457D-A840-88233DD9400C}.Release|Any CPU.ActiveCfg = Release|Any CPU
		{1466CA02-7F81-457D-A840-88233DD9400C}.Release|Any CPU.Build.0 = Release|Any CPU
		{9615A0ED-3F6C-4377-B28F-BC0BEE369BBF}.Debug|Any CPU.ActiveCfg = Debug|Any CPU
		{9615A0ED-3F6C-4377-B28F-BC0BEE369BBF}.Debug|Any CPU.Build.0 = Debug|Any CPU
		{9615A0ED-3F6C-4377-B28F-BC0BEE369BBF}.Release|Any CPU.ActiveCfg = Release|Any CPU
		{9615A0ED-3F6C-4377-B28F-BC0BEE369BBF}.Release|Any CPU.Build.0 = Release|Any CPU
		{D1A6C2EF-0D4C-485E-B807-813EF883718C}.Debug|Any CPU.ActiveCfg = Debug|Any CPU
		{D1A6C2EF-0D4C-485E-B807-813EF883718C}.Debug|Any CPU.Build.0 = Debug|Any CPU
		{D1A6C2EF-0D4C-485E-B807-813EF883718C}.Release|Any CPU.ActiveCfg = Release|Any CPU
		{D1A6C2EF-0D4C-485E-B807-813EF883718C}.Release|Any CPU.Build.0 = Release|Any CPU
		{CD490B4A-B308-4458-960C-AAD8A19C6887}.Debug|Any CPU.ActiveCfg = Debug|Any CPU
		{CD490B4A-B308-4458-960C-AAD8A19C6887}.Debug|Any CPU.Build.0 = Debug|Any CPU
		{CD490B4A-B308-4458-960C-AAD8A19C6887}.Release|Any CPU.ActiveCfg = Release|Any CPU
		{CD490B4A-B308-4458-960C-AAD8A19C6887}.Release|Any CPU.Build.0 = Release|Any CPU
		{46AEB41E-B8C7-4430-AF17-792123AEE72E}.Debug|Any CPU.ActiveCfg = Debug|Any CPU
		{46AEB41E-B8C7-4430-AF17-792123AEE72E}.Debug|Any CPU.Build.0 = Debug|Any CPU
		{46AEB41E-B8C7-4430-AF17-792123AEE72E}.Release|Any CPU.ActiveCfg = Release|Any CPU
		{46AEB41E-B8C7-4430-AF17-792123AEE72E}.Release|Any CPU.Build.0 = Release|Any CPU
		{0F8595A3-3757-42F3-9DF0-1F66AEDC14CF}.Debug|Any CPU.ActiveCfg = Debug|Any CPU
		{0F8595A3-3757-42F3-9DF0-1F66AEDC14CF}.Debug|Any CPU.Build.0 = Debug|Any CPU
		{0F8595A3-3757-42F3-9DF0-1F66AEDC14CF}.Release|Any CPU.ActiveCfg = Release|Any CPU
		{0F8595A3-3757-42F3-9DF0-1F66AEDC14CF}.Release|Any CPU.Build.0 = Release|Any CPU
	EndGlobalSection
	GlobalSection(SolutionProperties) = preSolution
		HideSolutionNode = FALSE
	EndGlobalSection
	GlobalSection(NestedProjects) = preSolution
		{434C8479-5137-43E6-982C-37B59A4A8BAD} = {AD7B7420-310E-4F91-BE15-F6FE19796E8F}
		{01F013C3-2361-49FA-86C3-36E134E08163} = {36A3AD53-EDAC-4C50-84C3-BFB68E3EB36F}
		{1466CA02-7F81-457D-A840-88233DD9400C} = {01F013C3-2361-49FA-86C3-36E134E08163}
		{9615A0ED-3F6C-4377-B28F-BC0BEE369BBF} = {DC299B44-4113-4994-9197-F45DD5AC68B7}
		{D1A6C2EF-0D4C-485E-B807-813EF883718C} = {5D36A326-F382-49BE-9A67-048678656C6F}
		{CD490B4A-B308-4458-960C-AAD8A19C6887} = {A32E4D23-2992-4322-B112-C1682C6B0179}
		{46AEB41E-B8C7-4430-AF17-792123AEE72E} = {4095302C-330C-45D0-98B7-CB5DF4C7A7EA}
		{0F8595A3-3757-42F3-9DF0-1F66AEDC14CF} = {B1E55F68-BE35-4489-A28D-24C39BDB1C6B}
	EndGlobalSection
	GlobalSection(ExtensibilityGlobals) = postSolution
		SolutionGuid = {E57C54BC-C674-42F0-80B2-B31CBF9566A3}
	EndGlobalSection
EndGlobal
